
Microsoft Visual Studio Solution File, Format Version 12.00
# Visual Studio Version 17
VisualStudioVersion = 17.5.33502.453
MinimumVisualStudioVersion = 10.0.40219.1
Project("{FAE04EC0-301F-11D3-BF4B-00C04F79EFBC}") = "YouLearn.Doumain", "YouLearn.Doumain\YouLearn.Doumain.csproj", "{EECECE9C-2E0A-44B2-B978-D00B68A2A6FB}"
EndProject
Global
	GlobalSection(SolutionConfigurationPlatforms) = preSolution
		Debug|Any CPU = Debug|Any CPU
		Release|Any CPU = Release|Any CPU
	EndGlobalSection
	GlobalSection(ProjectConfigurationPlatforms) = postSolution
		{EECECE9C-2E0A-44B2-B978-D00B68A2A6FB}.Debug|Any CPU.ActiveCfg = Debug|Any CPU
		{EECECE9C-2E0A-44B2-B978-D00B68A2A6FB}.Debug|Any CPU.Build.0 = Debug|Any CPU
		{EECECE9C-2E0A-44B2-B978-D00B68A2A6FB}.Release|Any CPU.ActiveCfg = Release|Any CPU
		{EECECE9C-2E0A-44B2-B978-D00B68A2A6FB}.Release|Any CPU.Build.0 = Release|Any CPU
	EndGlobalSection
	GlobalSection(SolutionProperties) = preSolution
		HideSolutionNode = FALSE
	EndGlobalSection
	GlobalSection(ExtensibilityGlobals) = postSolution
		SolutionGuid = {A735146D-6B14-4119-85A1-49FD17F278A1}
	EndGlobalSection
EndGlobal
